lockVersion: 2.0.0
id: a72a4b0f-521b-4892-bd77-b6a1afb8b82b
management:
  docChecksum: 7b193330bf41e2c47ba62aa354c4a561
  docVersion: 0.0.1
  speakeasyVersion: internal
  generationVersion: 2.237.2
  releaseVersion: 0.12.4
  configChecksum: ac923228c00a42dd820b09a28f1f1d6d
  repoURL: https://github.com/speakeasy-sdks/terraform-provider-hashicups.git
  repoSubDirectory: .
  published: true
features:
  terraform:
    core: 3.8.4
    globalSecurity: 2.81.3
    globalServerURLs: 2.82.1
generatedFiles:
  - internal/sdk/order.go
  - internal/sdk/sdk.go
  - examples/README.md
  - go.mod
  - go.sum
  - internal/planmodifiers/boolplanmodifier/suppress_diff.go
  - internal/planmodifiers/float64planmodifier/suppress_diff.go
  - internal/planmodifiers/int64planmodifier/suppress_diff.go
  - internal/planmodifiers/listplanmodifier/suppress_diff.go
  - internal/planmodifiers/mapplanmodifier/suppress_diff.go
  - internal/planmodifiers/numberplanmodifier/suppress_diff.go
  - internal/planmodifiers/objectplanmodifier/suppress_diff.go
  - internal/planmodifiers/setplanmodifier/suppress_diff.go
  - internal/planmodifiers/stringplanmodifier/suppress_diff.go
  - internal/planmodifiers/utils/state_check.go
  - internal/provider/reflect/diags.go
  - internal/provider/reflect/doc.go
  - internal/provider/reflect/generic_attr_value.go
  - internal/provider/reflect/helpers.go
  - internal/provider/reflect/interfaces.go
  - internal/provider/reflect/into.go
  - internal/provider/reflect/map.go
  - internal/provider/reflect/number.go
  - internal/provider/reflect/options.go
  - internal/provider/reflect/outof.go
  - internal/provider/reflect/pointer.go
  - internal/provider/reflect/primitive.go
  - internal/provider/reflect/slice.go
  - internal/provider/reflect/struct.go
  - internal/provider/utils.go
  - internal/sdk/pkg/models/sdkerrors/sdkerror.go
  - internal/sdk/pkg/types/bigint.go
  - internal/sdk/pkg/types/date.go
  - internal/sdk/pkg/types/datetime.go
  - internal/sdk/pkg/types/decimal.go
  - internal/sdk/pkg/types/pointers.go
  - internal/sdk/pkg/utils/contenttype.go
  - internal/sdk/pkg/utils/form.go
  - internal/sdk/pkg/utils/headers.go
  - internal/sdk/pkg/utils/json.go
  - internal/sdk/pkg/utils/pathparams.go
  - internal/sdk/pkg/utils/queryparams.go
  - internal/sdk/pkg/utils/requestbody.go
  - internal/sdk/pkg/utils/retries.go
  - internal/sdk/pkg/utils/security.go
  - internal/sdk/pkg/utils/utils.go
  - internal/validators/DateValidator.go
  - internal/validators/ExactlyOneChild.go
  - internal/validators/JSONParseValidator.go
  - internal/validators/RFC3339Validator.go
  - internal/validators/boolvalidators/not_null.go
  - internal/validators/float64validators/not_null.go
  - internal/validators/int64validators/not_null.go
  - internal/validators/listvalidators/not_null.go
  - internal/validators/mapvalidators/not_null.go
  - internal/validators/numbervalidators/not_null.go
  - internal/validators/objectvalidators/not_null.go
  - internal/validators/setvalidators/not_null.go
  - internal/validators/stringvalidators/not_null.go
  - main.go
  - terraform-registry-manifest.json
  - tools/tools.go
  - internal/sdk/pkg/models/operations/deleteorder.go
  - internal/sdk/pkg/models/operations/getorder.go
  - internal/sdk/pkg/models/operations/upsertorder.go
  - internal/sdk/pkg/models/shared/order.go
  - internal/sdk/pkg/models/shared/createorderinput.go
  - internal/sdk/pkg/models/shared/security.go
  - USAGE.md
  - internal/provider/provider.go
  - examples/provider/provider.tf
  - internal/provider/order_resource.go
  - internal/provider/order_resource_sdk.go
  - examples/resources/hashicups_order/resource.tf
  - internal/provider/order_data_source.go
  - internal/provider/order_data_source_sdk.go
  - examples/data-sources/hashicups_order/data-source.tf
  - .gitattributes
